// !$*UTF8*$!
{
	archiveVersion = 1;
	classes = {
	};
	objectVersion = 48;
	objects = {

/* Begin PBXBuildFile section */
		1040542A8C34E5BBE7F3EDBA /* Pods_SecondSample.framework in Frameworks */ = {isa = PBXBuildFile; fileRef = 591FCAF306A4B6CAF9F7295D /* Pods_SecondSample.framework */; };
		509C4EC355040D5C8492B624 /* Pods_SecondSampleTests.framework in Frameworks */ = {isa = PBXBuildFile; fileRef = B065B405F56EC96079B15D02 /* Pods_SecondSampleTests.framework */; };
		B71260211FD92BDB0090A981 /* StartViewController.swift in Sources */ = {isa = PBXBuildFile; fileRef = B71260201FD92BDB0090A981 /* StartViewController.swift */; };
		B71260231FDA16520090A981 /* Version.swift in Sources */ = {isa = PBXBuildFile; fileRef = B71260221FDA16520090A981 /* Version.swift */; };
		B71260251FDA187B0090A981 /* Item.swift in Sources */ = {isa = PBXBuildFile; fileRef = B71260241FDA187B0090A981 /* Item.swift */; };
		B71260331FDE279A0090A981 /* JobPostingCell.swift in Sources */ = {isa = PBXBuildFile; fileRef = B71260321FDE279A0090A981 /* JobPostingCell.swift */; };
		B71260371FDF9AAC0090A981 /* JobPostingCell.xib in Resources */ = {isa = PBXBuildFile; fileRef = B71260361FDF9AAC0090A981 /* JobPostingCell.xib */; };
		B71260391FE0C9E70090A981 /* TableBaseCell.swift in Sources */ = {isa = PBXBuildFile; fileRef = B71260381FE0C9E70090A981 /* TableBaseCell.swift */; };
		B712603C1FE0D4C60090A981 /* GoogleADCell.swift in Sources */ = {isa = PBXBuildFile; fileRef = B712603A1FE0D4C60090A981 /* GoogleADCell.swift */; };
		B712603D1FE0D4C60090A981 /* GoogleADCell.xib in Resources */ = {isa = PBXBuildFile; fileRef = B712603B1FE0D4C60090A981 /* GoogleADCell.xib */; };
		B71260421FE0DA440090A981 /* HeaderCell.swift in Sources */ = {isa = PBXBuildFile; fileRef = B71260401FE0DA440090A981 /* HeaderCell.swift */; };
		B71260431FE0DA440090A981 /* HeaderCell.xib in Resources */ = {isa = PBXBuildFile; fileRef = B71260411FE0DA440090A981 /* HeaderCell.xib */; };
		B71260451FE0FCE00090A981 /* TableBaseViewModel.swift in Sources */ = {isa = PBXBuildFile; fileRef = B71260441FE0FCE00090A981 /* TableBaseViewModel.swift */; };
		B71260471FE111F30090A981 /* ApiClient.swift in Sources */ = {isa = PBXBuildFile; fileRef = B71260461FE111F30090A981 /* ApiClient.swift */; };
		B712604F1FE1171E0090A981 /* Header.swift in Sources */ = {isa = PBXBuildFile; fileRef = B712604E1FE1171E0090A981 /* Header.swift */; };
		B71260511FE117790090A981 /* GoogleAD.swift in Sources */ = {isa = PBXBuildFile; fileRef = B71260501FE117790090A981 /* GoogleAD.swift */; };
		B71260531FE117930090A981 /* JobPosting.swift in Sources */ = {isa = PBXBuildFile; fileRef = B71260521FE117930090A981 /* JobPosting.swift */; };
		B71260551FE20BD10090A981 /* VersionViewModel.swift in Sources */ = {isa = PBXBuildFile; fileRef = B71260541FE20BD10090A981 /* VersionViewModel.swift */; };
		B71260571FE267280090A981 /* ItemType.swift in Sources */ = {isa = PBXBuildFile; fileRef = B71260561FE267280090A981 /* ItemType.swift */; };
		B71260591FE273D20090A981 /* WelcomeService.swift in Sources */ = {isa = PBXBuildFile; fileRef = B71260581FE273D20090A981 /* WelcomeService.swift */; };
		B712605B1FE2760B0090A981 /* VersionService.swift in Sources */ = {isa = PBXBuildFile; fileRef = B712605A1FE2760B0090A981 /* VersionService.swift */; };
		B76E704F1FD807BA0092926E /* TableViewController.swift in Sources */ = {isa = PBXBuildFile; fileRef = B76E704E1FD807BA0092926E /* TableViewController.swift */; };
		B7BE67371FD8066200126506 /* AppDelegate.swift in Sources */ = {isa = PBXBuildFile; fileRef = B7BE67361FD8066200126506 /* AppDelegate.swift */; };
		B7BE673C1FD8066200126506 /* Main.storyboard in Resources */ = {isa = PBXBuildFile; fileRef = B7BE673A1FD8066200126506 /* Main.storyboard */; };
		B7BE673E1FD8066200126506 /* Assets.xcassets in Resources */ = {isa = PBXBuildFile; fileRef = B7BE673D1FD8066200126506 /* Assets.xcassets */; };
		B7BE67411FD8066200126506 /* LaunchScreen.storyboard in Resources */ = {isa = PBXBuildFile; fileRef = B7BE673F1FD8066200126506 /* LaunchScreen.storyboard */; };
		B7BE674C1FD8066200126506 /* SecondSampleTests.swift in Sources */ = {isa = PBXBuildFile; fileRef = B7BE674B1FD8066200126506 /* SecondSampleTests.swift */; };
		B7BE67571FD8066200126506 /* SecondSampleUITests.swift in Sources */ = {isa = PBXBuildFile; fileRef = B7BE67561FD8066200126506 /* SecondSampleUITests.swift */; };
		FAD7F51B9575D071AC221749 /* Pods_SecondSampleUITests.framework in Frameworks */ = {isa = PBXBuildFile; fileRef = 93562FFBAD5F47902891F75E /* Pods_SecondSampleUITests.framework */; };
/* End PBXBuildFile section */

/* Begin PBXContainerItemProxy section */
		B7BE67481FD8066200126506 /* PBXContainerItemProxy */ = {
			isa = PBXContainerItemProxy;
			containerPortal = B7BE672B1FD8066200126506 /* Project object */;
			proxyType = 1;
			remoteGlobalIDString = B7BE67321FD8066200126506;
			remoteInfo = SecondSample;
		};
		B7BE67531FD8066200126506 /* PBXContainerItemProxy */ = {
			isa = PBXContainerItemProxy;
			containerPortal = B7BE672B1FD8066200126506 /* Project object */;
			proxyType = 1;
			remoteGlobalIDString = B7BE67321FD8066200126506;
			remoteInfo = SecondSample;
		};
/* End PBXContainerItemProxy section */

/* Begin PBXFileReference section */
		22694BE13776B19B5342124D /* Pods-SecondSampleUITests.debug.xcconfig */ = {isa = PBXFileReference; includeInIndex = 1; lastKnownFileType = text.xcconfig; name = "Pods-SecondSampleUITests.debug.xcconfig"; path = "Pods/Target Support Files/Pods-SecondSampleUITests/Pods-SecondSampleUITests.debug.xcconfig"; sourceTree = "<group>"; };
		591FCAF306A4B6CAF9F7295D /* Pods_SecondSample.framework */ = {isa = PBXFileReference; explicitFileType = wrapper.framework; includeInIndex = 0; path = Pods_SecondSample.framework; sourceTree = BUILT_PRODUCTS_DIR; };
		750F777D0E4C704B17EB49BE /* Pods-SecondSample.release.xcconfig */ = {isa = PBXFileReference; includeInIndex = 1; lastKnownFileType = text.xcconfig; name = "Pods-SecondSample.release.xcconfig"; path = "Pods/Target Support Files/Pods-SecondSample/Pods-SecondSample.release.xcconfig"; sourceTree = "<group>"; };
		93562FFBAD5F47902891F75E /* Pods_SecondSampleUITests.framework */ = {isa = PBXFileReference; explicitFileType = wrapper.framework; includeInIndex = 0; path = Pods_SecondSampleUITests.framework; sourceTree = BUILT_PRODUCTS_DIR; };
		B065B405F56EC96079B15D02 /* Pods_SecondSampleTests.framework */ = {isa = PBXFileReference; explicitFileType = wrapper.framework; includeInIndex = 0; path = Pods_SecondSampleTests.framework; sourceTree = BUILT_PRODUCTS_DIR; };
		B71260201FD92BDB0090A981 /* StartViewController.swift */ = {isa = PBXFileReference; lastKnownFileType = sourcecode.swift; path = StartViewController.swift; sourceTree = "<group>"; };
		B71260221FDA16520090A981 /* Version.swift */ = {isa = PBXFileReference; lastKnownFileType = sourcecode.swift; path = Version.swift; sourceTree = "<group>"; };
		B71260241FDA187B0090A981 /* Item.swift */ = {isa = PBXFileReference; lastKnownFileType = sourcecode.swift; path = Item.swift; sourceTree = "<group>"; };
		B71260321FDE279A0090A981 /* JobPostingCell.swift */ = {isa = PBXFileReference; lastKnownFileType = sourcecode.swift; path = JobPostingCell.swift; sourceTree = "<group>"; };
		B71260361FDF9AAC0090A981 /* JobPostingCell.xib */ = {isa = PBXFileReference; lastKnownFileType = file.xib; path = JobPostingCell.xib; sourceTree = "<group>"; };
		B71260381FE0C9E70090A981 /* TableBaseCell.swift */ = {isa = PBXFileReference; lastKnownFileType = sourcecode.swift; path = TableBaseCell.swift; sourceTree = "<group>"; };
		B712603A1FE0D4C60090A981 /* GoogleADCell.swift */ = {isa = PBXFileReference; lastKnownFileType = sourcecode.swift; path = GoogleADCell.swift; sourceTree = "<group>"; };
		B712603B1FE0D4C60090A981 /* GoogleADCell.xib */ = {isa = PBXFileReference; lastKnownFileType = file.xib; path = GoogleADCell.xib; sourceTree = "<group>"; };
		B71260401FE0DA440090A981 /* HeaderCell.swift */ = {isa = PBXFileReference; lastKnownFileType = sourcecode.swift; path = HeaderCell.swift; sourceTree = "<group>"; };
		B71260411FE0DA440090A981 /* HeaderCell.xib */ = {isa = PBXFileReference; lastKnownFileType = file.xib; path = HeaderCell.xib; sourceTree = "<group>"; };
		B71260441FE0FCE00090A981 /* TableBaseViewModel.swift */ = {isa = PBXFileReference; lastKnownFileType = sourcecode.swift; path = TableBaseViewModel.swift; sourceTree = "<group>"; };
		B71260461FE111F30090A981 /* ApiClient.swift */ = {isa = PBXFileReference; lastKnownFileType = sourcecode.swift; path = ApiClient.swift; sourceTree = "<group>"; };
		B712604E1FE1171E0090A981 /* Header.swift */ = {isa = PBXFileReference; lastKnownFileType = sourcecode.swift; path = Header.swift; sourceTree = "<group>"; };
		B71260501FE117790090A981 /* GoogleAD.swift */ = {isa = PBXFileReference; lastKnownFileType = sourcecode.swift; path = GoogleAD.swift; sourceTree = "<group>"; };
		B71260521FE117930090A981 /* JobPosting.swift */ = {isa = PBXFileReference; lastKnownFileType = sourcecode.swift; path = JobPosting.swift; sourceTree = "<group>"; };
		B71260541FE20BD10090A981 /* VersionViewModel.swift */ = {isa = PBXFileReference; lastKnownFileType = sourcecode.swift; path = VersionViewModel.swift; sourceTree = "<group>"; };
		B71260561FE267280090A981 /* ItemType.swift */ = {isa = PBXFileReference; lastKnownFileType = sourcecode.swift; path = ItemType.swift; sourceTree = "<group>"; };
		B71260581FE273D20090A981 /* WelcomeService.swift */ = {isa = PBXFileReference; lastKnownFileType = sourcecode.swift; path = WelcomeService.swift; sourceTree = "<group>"; };
		B712605A1FE2760B0090A981 /* VersionService.swift */ = {isa = PBXFileReference; lastKnownFileType = sourcecode.swift; path = VersionService.swift; sourceTree = "<group>"; };
		B76E704E1FD807BA0092926E /* TableViewController.swift */ = {isa = PBXFileReference; lastKnownFileType = sourcecode.swift; path = TableViewController.swift; sourceTree = "<group>"; };
		B7BE67331FD8066200126506 /* SecondSample.app */ = {isa = PBXFileReference; explicitFileType = wrapper.application; includeInIndex = 0; path = SecondSample.app; sourceTree = BUILT_PRODUCTS_DIR; };
		B7BE67361FD8066200126506 /* AppDelegate.swift */ = {isa = PBXFileReference; lastKnownFileType = sourcecode.swift; path = AppDelegate.swift; sourceTree = "<group>"; };
		B7BE673B1FD8066200126506 /* Base */ = {isa = PBXFileReference; lastKnownFileType = file.storyboard; name = Base; path = Base.lproj/Main.storyboard; sourceTree = "<group>"; };
		B7BE673D1FD8066200126506 /* Assets.xcassets */ = {isa = PBXFileReference; lastKnownFileType = folder.assetcatalog; path = Assets.xcassets; sourceTree = "<group>"; };
		B7BE67401FD8066200126506 /* Base */ = {isa = PBXFileReference; lastKnownFileType = file.storyboard; name = Base; path = Base.lproj/LaunchScreen.storyboard; sourceTree = "<group>"; };
		B7BE67421FD8066200126506 /* Info.plist */ = {isa = PBXFileReference; lastKnownFileType = text.plist.xml; path = Info.plist; sourceTree = "<group>"; };
		B7BE67471FD8066200126506 /* SecondSampleTests.xctest */ = {isa = PBXFileReference; explicitFileType = wrapper.cfbundle; includeInIndex = 0; path = SecondSampleTests.xctest; sourceTree = BUILT_PRODUCTS_DIR; };
		B7BE674B1FD8066200126506 /* SecondSampleTests.swift */ = {isa = PBXFileReference; lastKnownFileType = sourcecode.swift; path = SecondSampleTests.swift; sourceTree = "<group>"; };
		B7BE674D1FD8066200126506 /* Info.plist */ = {isa = PBXFileReference; lastKnownFileType = text.plist.xml; path = Info.plist; sourceTree = "<group>"; };
		B7BE67521FD8066200126506 /* SecondSampleUITests.xctest */ = {isa = PBXFileReference; explicitFileType = wrapper.cfbundle; includeInIndex = 0; path = SecondSampleUITests.xctest; sourceTree = BUILT_PRODUCTS_DIR; };
		B7BE67561FD8066200126506 /* SecondSampleUITests.swift */ = {isa = PBXFileReference; lastKnownFileType = sourcecode.swift; path = SecondSampleUITests.swift; sourceTree = "<group>"; };
		B7BE67581FD8066200126506 /* Info.plist */ = {isa = PBXFileReference; lastKnownFileType = text.plist.xml; path = Info.plist; sourceTree = "<group>"; };
		BBEE8B949C01F2694989B630 /* Pods-SecondSampleUITests.release.xcconfig */ = {isa = PBXFileReference; includeInIndex = 1; lastKnownFileType = text.xcconfig; name = "Pods-SecondSampleUITests.release.xcconfig"; path = "Pods/Target Support Files/Pods-SecondSampleUITests/Pods-SecondSampleUITests.release.xcconfig"; sourceTree = "<group>"; };
		CFCACD3A1562A784543A4C9B /* Pods-SecondSample.debug.xcconfig */ = {isa = PBXFileReference; includeInIndex = 1; lastKnownFileType = text.xcconfig; name = "Pods-SecondSample.debug.xcconfig"; path = "Pods/Target Support Files/Pods-SecondSample/Pods-SecondSample.debug.xcconfig"; sourceTree = "<group>"; };
		D25D36F18E98424516266DCC /* Pods-SecondSampleTests.release.xcconfig */ = {isa = PBXFileReference; includeInIndex = 1; lastKnownFileType = text.xcconfig; name = "Pods-SecondSampleTests.release.xcconfig"; path = "Pods/Target Support Files/Pods-SecondSampleTests/Pods-SecondSampleTests.release.xcconfig"; sourceTree = "<group>"; };
		D306070D21FA6B35DEF2EEB2 /* Pods-SecondSampleTests.debug.xcconfig */ = {isa = PBXFileReference; includeInIndex = 1; lastKnownFileType = text.xcconfig; name = "Pods-SecondSampleTests.debug.xcconfig"; path = "Pods/Target Support Files/Pods-SecondSampleTests/Pods-SecondSampleTests.debug.xcconfig"; sourceTree = "<group>"; };
/* End PBXFileReference section */

/* Begin PBXFrameworksBuildPhase section */
		B7BE67301FD8066200126506 /* Frameworks */ = {
			isa = PBXFrameworksBuildPhase;
			buildActionMask = 2147483647;
			files = (
				1040542A8C34E5BBE7F3EDBA /* Pods_SecondSample.framework in Frameworks */,
			);
			runOnlyForDeploymentPostprocessing = 0;
		};
		B7BE67441FD8066200126506 /* Frameworks */ = {
			isa = PBXFrameworksBuildPhase;
			buildActionMask = 2147483647;
			files = (
				509C4EC355040D5C8492B624 /* Pods_SecondSampleTests.framework in Frameworks */,
			);
			runOnlyForDeploymentPostprocessing = 0;
		};
		B7BE674F1FD8066200126506 /* Frameworks */ = {
			isa = PBXFrameworksBuildPhase;
			buildActionMask = 2147483647;
			files = (
				FAD7F51B9575D071AC221749 /* Pods_SecondSampleUITests.framework in Frameworks */,
			);
			runOnlyForDeploymentPostprocessing = 0;
		};
/* End PBXFrameworksBuildPhase section */

/* Begin PBXGroup section */
		43E95254886B9729A293110A /* Frameworks */ = {
			isa = PBXGroup;
			children = (
				591FCAF306A4B6CAF9F7295D /* Pods_SecondSample.framework */,
				B065B405F56EC96079B15D02 /* Pods_SecondSampleTests.framework */,
				93562FFBAD5F47902891F75E /* Pods_SecondSampleUITests.framework */,
			);
			name = Frameworks;
			sourceTree = "<group>";
		};
		99BAAB44C96A279BCF774371 /* Pods */ = {
			isa = PBXGroup;
			children = (
				CFCACD3A1562A784543A4C9B /* Pods-SecondSample.debug.xcconfig */,
				750F777D0E4C704B17EB49BE /* Pods-SecondSample.release.xcconfig */,
				D306070D21FA6B35DEF2EEB2 /* Pods-SecondSampleTests.debug.xcconfig */,
				D25D36F18E98424516266DCC /* Pods-SecondSampleTests.release.xcconfig */,
				22694BE13776B19B5342124D /* Pods-SecondSampleUITests.debug.xcconfig */,
				BBEE8B949C01F2694989B630 /* Pods-SecondSampleUITests.release.xcconfig */,
			);
			name = Pods;
			sourceTree = "<group>";
		};
		B71260481FE116440090A981 /* ViewModel */ = {
			isa = PBXGroup;
			children = (
				B71260441FE0FCE00090A981 /* TableBaseViewModel.swift */,
				B71260541FE20BD10090A981 /* VersionViewModel.swift */,
			);
			path = ViewModel;
			sourceTree = "<group>";
		};
		B71260491FE116540090A981 /* Network */ = {
			isa = PBXGroup;
			children = (
				B71260461FE111F30090A981 /* ApiClient.swift */,
				B71260581FE273D20090A981 /* WelcomeService.swift */,
				B712605A1FE2760B0090A981 /* VersionService.swift */,
			);
			path = Network;
			sourceTree = "<group>";
		};
		B712604A1FE116640090A981 /* TableViewCell */ = {
			isa = PBXGroup;
			children = (
				B71260381FE0C9E70090A981 /* TableBaseCell.swift */,
				B712603A1FE0D4C60090A981 /* GoogleADCell.swift */,
				B712603B1FE0D4C60090A981 /* GoogleADCell.xib */,
				B71260321FDE279A0090A981 /* JobPostingCell.swift */,
				B71260361FDF9AAC0090A981 /* JobPostingCell.xib */,
				B71260401FE0DA440090A981 /* HeaderCell.swift */,
				B71260411FE0DA440090A981 /* HeaderCell.xib */,
			);
			path = TableViewCell;
			sourceTree = "<group>";
		};
		B712604B1FE1168A0090A981 /* Model */ = {
			isa = PBXGroup;
			children = (
				B71260221FDA16520090A981 /* Version.swift */,
				B71260241FDA187B0090A981 /* Item.swift */,
				B712604E1FE1171E0090A981 /* Header.swift */,
				B71260501FE117790090A981 /* GoogleAD.swift */,
				B71260521FE117930090A981 /* JobPosting.swift */,
				B71260561FE267280090A981 /* ItemType.swift */,
			);
			path = Model;
			sourceTree = "<group>";
		};
		B712604C1FE1169E0090A981 /* StoryBoard */ = {
			isa = PBXGroup;
			children = (
				B7BE673F1FD8066200126506 /* LaunchScreen.storyboard */,
				B7BE673A1FD8066200126506 /* Main.storyboard */,
			);
			path = StoryBoard;
			sourceTree = "<group>";
		};
		B712604D1FE116B50090A981 /* ViewController */ = {
			isa = PBXGroup;
			children = (
				B76E704E1FD807BA0092926E /* TableViewController.swift */,
				B71260201FD92BDB0090A981 /* StartViewController.swift */,
			);
			path = ViewController;
			sourceTree = "<group>";
		};
		B7BE672A1FD8066200126506 = {
			isa = PBXGroup;
			children = (
				B7BE67351FD8066200126506 /* SecondSample */,
				B7BE674A1FD8066200126506 /* SecondSampleTests */,
				B7BE67551FD8066200126506 /* SecondSampleUITests */,
				B7BE67341FD8066200126506 /* Products */,
				99BAAB44C96A279BCF774371 /* Pods */,
				43E95254886B9729A293110A /* Frameworks */,
			);
			sourceTree = "<group>";
		};
		B7BE67341FD8066200126506 /* Products */ = {
			isa = PBXGroup;
			children = (
				B7BE67331FD8066200126506 /* SecondSample.app */,
				B7BE67471FD8066200126506 /* SecondSampleTests.xctest */,
				B7BE67521FD8066200126506 /* SecondSampleUITests.xctest */,
			);
			name = Products;
			sourceTree = "<group>";
		};
		B7BE67351FD8066200126506 /* SecondSample */ = {
			isa = PBXGroup;
			children = (
				B712604C1FE1169E0090A981 /* StoryBoard */,
				B712604D1FE116B50090A981 /* ViewController */,
				B712604B1FE1168A0090A981 /* Model */,
				B71260481FE116440090A981 /* ViewModel */,
				B712604A1FE116640090A981 /* TableViewCell */,
				B71260491FE116540090A981 /* Network */,
				B7BE67361FD8066200126506 /* AppDelegate.swift */,
				B7BE673D1FD8066200126506 /* Assets.xcassets */,
				B7BE67421FD8066200126506 /* Info.plist */,
			);
			path = SecondSample;
			sourceTree = "<group>";
		};
		B7BE674A1FD8066200126506 /* SecondSampleTests */ = {
			isa = PBXGroup;
			children = (
				B7BE674B1FD8066200126506 /* SecondSampleTests.swift */,
				B7BE674D1FD8066200126506 /* Info.plist */,
			);
			path = SecondSampleTests;
			sourceTree = "<group>";
		};
		B7BE67551FD8066200126506 /* SecondSampleUITests */ = {
			isa = PBXGroup;
			children = (
				B7BE67561FD8066200126506 /* SecondSampleUITests.swift */,
				B7BE67581FD8066200126506 /* Info.plist */,
			);
			path = SecondSampleUITests;
			sourceTree = "<group>";
		};
/* End PBXGroup section */

/* Begin PBXNativeTarget section */
		B7BE67321FD8066200126506 /* SecondSample */ = {
			isa = PBXNativeTarget;
			buildConfigurationList = B7BE675B1FD8066200126506 /* Build configuration list for PBXNativeTarget "SecondSample" */;
			buildPhases = (
				B61703F19CAD67B7F428E3FA /* [CP] Check Pods Manifest.lock */,
				B7BE672F1FD8066200126506 /* Sources */,
				B7BE67301FD8066200126506 /* Frameworks */,
				B7BE67311FD8066200126506 /* Resources */,
				09774C1681F6A2FF7A888FF4 /* [CP] Embed Pods Frameworks */,
				0FA0E51950FE773E625E8D82 /* [CP] Copy Pods Resources */,
			);
			buildRules = (
			);
			dependencies = (
			);
			name = SecondSample;
			productName = SecondSample;
			productReference = B7BE67331FD8066200126506 /* SecondSample.app */;
			productType = "com.apple.product-type.application";
		};
		B7BE67461FD8066200126506 /* SecondSampleTests */ = {
			isa = PBXNativeTarget;
			buildConfigurationList = B7BE675E1FD8066200126506 /* Build configuration list for PBXNativeTarget "SecondSampleTests" */;
			buildPhases = (
				519B6FA569FD15C6A50328F1 /* [CP] Check Pods Manifest.lock */,
				B7BE67431FD8066200126506 /* Sources */,
				B7BE67441FD8066200126506 /* Frameworks */,
				B7BE67451FD8066200126506 /* Resources */,
				DDDC6A5873387124FB4F7E3E /* [CP] Embed Pods Frameworks */,
				D4363550E22ABBF8A673A16A /* [CP] Copy Pods Resources */,
			);
			buildRules = (
			);
			dependencies = (
				B7BE67491FD8066200126506 /* PBXTargetDependency */,
			);
			name = SecondSampleTests;
			productName = SecondSampleTests;
			productReference = B7BE67471FD8066200126506 /* SecondSampleTests.xctest */;
			productType = "com.apple.product-type.bundle.unit-test";
		};
		B7BE67511FD8066200126506 /* SecondSampleUITests */ = {
			isa = PBXNativeTarget;
			buildConfigurationList = B7BE67611FD8066200126506 /* Build configuration list for PBXNativeTarget "SecondSampleUITests" */;
			buildPhases = (
				244A3456CF20DB2E1E3568C7 /* [CP] Check Pods Manifest.lock */,
				B7BE674E1FD8066200126506 /* Sources */,
				B7BE674F1FD8066200126506 /* Frameworks */,
				B7BE67501FD8066200126506 /* Resources */,
				9A8D3A8420AC0BF517C0708A /* [CP] Embed Pods Frameworks */,
				40BB9FBAAA8C01E9E72920A6 /* [CP] Copy Pods Resources */,
			);
			buildRules = (
			);
			dependencies = (
				B7BE67541FD8066200126506 /* PBXTargetDependency */,
			);
			name = SecondSampleUITests;
			productName = SecondSampleUITests;
			productReference = B7BE67521FD8066200126506 /* SecondSampleUITests.xctest */;
			productType = "com.apple.product-type.bundle.ui-testing";
		};
/* End PBXNativeTarget section */

/* Begin PBXProject section */
		B7BE672B1FD8066200126506 /* Project object */ = {
			isa = PBXProject;
			attributes = {
				LastSwiftUpdateCheck = 0910;
				LastUpgradeCheck = 0910;
				ORGANIZATIONNAME = jobplanet;
				TargetAttributes = {
					B7BE67321FD8066200126506 = {
						CreatedOnToolsVersion = 9.1;
						ProvisioningStyle = Automatic;
					};
					B7BE67461FD8066200126506 = {
						CreatedOnToolsVersion = 9.1;
						ProvisioningStyle = Automatic;
						TestTargetID = B7BE67321FD8066200126506;
					};
					B7BE67511FD8066200126506 = {
						CreatedOnToolsVersion = 9.1;
						ProvisioningStyle = Automatic;
						TestTargetID = B7BE67321FD8066200126506;
					};
				};
			};
			buildConfigurationList = B7BE672E1FD8066200126506 /* Build configuration list for PBXProject "SecondSample" */;
			compatibilityVersion = "Xcode 8.0";
			developmentRegion = en;
			hasScannedForEncodings = 0;
			knownRegions = (
				en,
				Base,
			);
			mainGroup = B7BE672A1FD8066200126506;
			productRefGroup = B7BE67341FD8066200126506 /* Products */;
			projectDirPath = "";
			projectRoot = "";
			targets = (
				B7BE67321FD8066200126506 /* SecondSample */,
				B7BE67461FD8066200126506 /* SecondSampleTests */,
				B7BE67511FD8066200126506 /* SecondSampleUITests */,
			);
		};
/* End PBXProject section */

/* Begin PBXResourcesBuildPhase section */
		B7BE67311FD8066200126506 /* Resources */ = {
			isa = PBXResourcesBuildPhase;
			buildActionMask = 2147483647;
			files = (
				B7BE67411FD8066200126506 /* LaunchScreen.storyboard in Resources */,
				B712603D1FE0D4C60090A981 /* GoogleADCell.xib in Resources */,
				B7BE673E1FD8066200126506 /* Assets.xcassets in Resources */,
				B71260371FDF9AAC0090A981 /* JobPostingCell.xib in Resources */,
				B71260431FE0DA440090A981 /* HeaderCell.xib in Resources */,
				B7BE673C1FD8066200126506 /* Main.storyboard in Resources */,
			);
			runOnlyForDeploymentPostprocessing = 0;
		};
		B7BE67451FD8066200126506 /* Resources */ = {
			isa = PBXResourcesBuildPhase;
			buildActionMask = 2147483647;
			files = (
			);
			runOnlyForDeploymentPostprocessing = 0;
		};
		B7BE67501FD8066200126506 /* Resources */ = {
			isa = PBXResourcesBuildPhase;
			buildActionMask = 2147483647;
			files = (
			);
			runOnlyForDeploymentPostprocessing = 0;
		};
/* End PBXResourcesBuildPhase section */

/* Begin PBXShellScriptBuildPhase section */
		09774C1681F6A2FF7A888FF4 /* [CP] Embed Pods Frameworks */ = {
			isa = PBXShellScriptBuildPhase;
			buildActionMask = 2147483647;
			files = (
			);
			inputPaths = (
				"${SRCROOT}/Pods/Target Support Files/Pods-SecondSample/Pods-SecondSample-frameworks.sh",
				"${BUILT_PRODUCTS_DIR}/Alamofire/Alamofire.framework",
				"${BUILT_PRODUCTS_DIR}/RxCocoa/RxCocoa.framework",
				"${BUILT_PRODUCTS_DIR}/RxSwift/RxSwift.framework",
				"${BUILT_PRODUCTS_DIR}/SDWebImage/SDWebImage.framework",
				"${BUILT_PRODUCTS_DIR}/SwiftyJSON/SwiftyJSON.framework",
			);
			name = "[CP] Embed Pods Frameworks";
			outputPaths = (
				"${TARGET_BUILD_DIR}/${FRAMEWORKS_FOLDER_PATH}/Alamofire.framework",
				"${TARGET_BUILD_DIR}/${FRAMEWORKS_FOLDER_PATH}/RxCocoa.framework",
				"${TARGET_BUILD_DIR}/${FRAMEWORKS_FOLDER_PATH}/RxSwift.framework",
				"${TARGET_BUILD_DIR}/${FRAMEWORKS_FOLDER_PATH}/SDWebImage.framework",
				"${TARGET_BUILD_DIR}/${FRAMEWORKS_FOLDER_PATH}/SwiftyJSON.framework",
			);
			runOnlyForDeploymentPostprocessing = 0;
			shellPath = /bin/sh;
			shellScript = "\"${SRCROOT}/Pods/Target Support Files/Pods-SecondSample/Pods-SecondSample-frameworks.sh\"\n";
			showEnvVarsInLog = 0;
		};
		0FA0E51950FE773E625E8D82 /* [CP] Copy Pods Resources */ = {
			isa = PBXShellScriptBuildPhase;
			buildActionMask = 2147483647;
			files = (
			);
			inputPaths = (
			);
			name = "[CP] Copy Pods Resources";
			outputPaths = (
			);
			runOnlyForDeploymentPostprocessing = 0;
			shellPath = /bin/sh;
			shellScript = "\"${SRCROOT}/Pods/Target Support Files/Pods-SecondSample/Pods-SecondSample-resources.sh\"\n";
			showEnvVarsInLog = 0;
		};
		244A3456CF20DB2E1E3568C7 /* [CP] Check Pods Manifest.lock */ = {
			isa = PBXShellScriptBuildPhase;
			buildActionMask = 2147483647;
			files = (
			);
			inputPaths = (
				"${PODS_PODFILE_DIR_PATH}/Podfile.lock",
				"${PODS_ROOT}/Manifest.lock",
			);
			name = "[CP] Check Pods Manifest.lock";
			outputPaths = (
				"$(DERIVED_FILE_DIR)/Pods-SecondSampleUITests-checkManifestLockResult.txt",
			);
			runOnlyForDeploymentPostprocessing = 0;
			shellPath = /bin/sh;
			shellScript = "diff \"${PODS_PODFILE_DIR_PATH}/Podfile.lock\" \"${PODS_ROOT}/Manifest.lock\" > /dev/null\nif [ $? != 0 ] ; then\n    # print error to STDERR\n    echo \"error: The sandbox is not in sync with the Podfile.lock. Run 'pod install' or update your CocoaPods installation.\" >&2\n    exit 1\nfi\n# This output is used by Xcode 'outputs' to avoid re-running this script phase.\necho \"SUCCESS\" > \"${SCRIPT_OUTPUT_FILE_0}\"\n";
			showEnvVarsInLog = 0;
		};
		40BB9FBAAA8C01E9E72920A6 /* [CP] Copy Pods Resources */ = {
			isa = PBXShellScriptBuildPhase;
			buildActionMask = 2147483647;
			files = (
			);
			inputPaths = (
			);
			name = "[CP] Copy Pods Resources";
			outputPaths = (
			);
			runOnlyForDeploymentPostprocessing = 0;
			shellPath = /bin/sh;
			shellScript = "\"${SRCROOT}/Pods/Target Support Files/Pods-SecondSampleUITests/Pods-SecondSampleUITests-resources.sh\"\n";
			showEnvVarsInLog = 0;
		};
		519B6FA569FD15C6A50328F1 /* [CP] Check Pods Manifest.lock */ = {
			isa = PBXShellScriptBuildPhase;
			buildActionMask = 2147483647;
			files = (
			);
			inputPaths = (
				"${PODS_PODFILE_DIR_PATH}/Podfile.lock",
				"${PODS_ROOT}/Manifest.lock",
			);
			name = "[CP] Check Pods Manifest.lock";
			outputPaths = (
				"$(DERIVED_FILE_DIR)/Pods-SecondSampleTests-checkManifestLockResult.txt",
			);
			runOnlyForDeploymentPostprocessing = 0;
			shellPath = /bin/sh;
			shellScript = "diff \"${PODS_PODFILE_DIR_PATH}/Podfile.lock\" \"${PODS_ROOT}/Manifest.lock\" > /dev/null\nif [ $? != 0 ] ; then\n    # print error to STDERR\n    echo \"error: The sandbox is not in sync with the Podfile.lock. Run 'pod install' or update your CocoaPods installation.\" >&2\n    exit 1\nfi\n# This output is used by Xcode 'outputs' to avoid re-running this script phase.\necho \"SUCCESS\" > \"${SCRIPT_OUTPUT_FILE_0}\"\n";
			showEnvVarsInLog = 0;
		};
		9A8D3A8420AC0BF517C0708A /* [CP] Embed Pods Frameworks */ = {
			isa = PBXShellScriptBuildPhase;
			buildActionMask = 2147483647;
			files = (
			);
			inputPaths = (
			);
			name = "[CP] Embed Pods Frameworks";
			outputPaths = (
			);
			runOnlyForDeploymentPostprocessing = 0;
			shellPath = /bin/sh;
			shellScript = "\"${SRCROOT}/Pods/Target Support Files/Pods-SecondSampleUITests/Pods-SecondSampleUITests-frameworks.sh\"\n";
			showEnvVarsInLog = 0;
		};
		B61703F19CAD67B7F428E3FA /* [CP] Check Pods Manifest.lock */ = {
			isa = PBXShellScriptBuildPhase;
			buildActionMask = 2147483647;
			files = (
			);
			inputPaths = (
				"${PODS_PODFILE_DIR_PATH}/Podfile.lock",
				"${PODS_ROOT}/Manifest.lock",
			);
			name = "[CP] Check Pods Manifest.lock";
			outputPaths = (
				"$(DERIVED_FILE_DIR)/Pods-SecondSample-checkManifestLockResult.txt",
			);
			runOnlyForDeploymentPostprocessing = 0;
			shellPath = /bin/sh;
			shellScript = "diff \"${PODS_PODFILE_DIR_PATH}/Podfile.lock\" \"${PODS_ROOT}/Manifest.lock\" > /dev/null\nif [ $? != 0 ] ; then\n    # print error to STDERR\n    echo \"error: The sandbox is not in sync with the Podfile.lock. Run 'pod install' or update your CocoaPods installation.\" >&2\n    exit 1\nfi\n# This output is used by Xcode 'outputs' to avoid re-running this script phase.\necho \"SUCCESS\" > \"${SCRIPT_OUTPUT_FILE_0}\"\n";
			showEnvVarsInLog = 0;
		};
		D4363550E22ABBF8A673A16A /* [CP] Copy Pods Resources */ = {
			isa = PBXShellScriptBuildPhase;
			buildActionMask = 2147483647;
			files = (
			);
			inputPaths = (
			);
			name = "[CP] Copy Pods Resources";
			outputPaths = (
			);
			runOnlyForDeploymentPostprocessing = 0;
			shellPath = /bin/sh;
			shellScript = "\"${SRCROOT}/Pods/Target Support Files/Pods-SecondSampleTests/Pods-SecondSampleTests-resources.sh\"\n";
			showEnvVarsInLog = 0;
		};
		DDDC6A5873387124FB4F7E3E /* [CP] Embed Pods Frameworks */ = {
			isa = PBXShellScriptBuildPhase;
			buildActionMask = 2147483647;
			files = (
			);
			inputPaths = (
			);
			name = "[CP] Embed Pods Frameworks";
			outputPaths = (
			);
			runOnlyForDeploymentPostprocessing = 0;
			shellPath = /bin/sh;
			shellScript = "\"${SRCROOT}/Pods/Target Support Files/Pods-SecondSampleTests/Pods-SecondSampleTests-frameworks.sh\"\n";
			showEnvVarsInLog = 0;
		};
/* End PBXShellScriptBuildPhase section */

/* Begin PBXSourcesBuildPhase section */
		B7BE672F1FD8066200126506 /* Sources */ = {
			isa = PBXSourcesBuildPhase;
			buildActionMask = 2147483647;
			files = (
				B71260471FE111F30090A981 /* ApiClient.swift in Sources */,
				B71260591FE273D20090A981 /* WelcomeService.swift in Sources */,
				B7BE67371FD8066200126506 /* AppDelegate.swift in Sources */,
				B71260451FE0FCE00090A981 /* TableBaseViewModel.swift in Sources */,
				B71260391FE0C9E70090A981 /* TableBaseCell.swift in Sources */,
				B712604F1FE1171E0090A981 /* Header.swift in Sources */,
				B76E704F1FD807BA0092926E /* TableViewController.swift in Sources */,
				B71260251FDA187B0090A981 /* Item.swift in Sources */,
				B71260511FE117790090A981 /* GoogleAD.swift in Sources */,
				B71260421FE0DA440090A981 /* HeaderCell.swift in Sources */,
				B71260331FDE279A0090A981 /* JobPostingCell.swift in Sources */,
				B71260571FE267280090A981 /* ItemType.swift in Sources */,
				B71260551FE20BD10090A981 /* VersionViewModel.swift in Sources */,
				B71260531FE117930090A981 /* JobPosting.swift in Sources */,
				B71260231FDA16520090A981 /* Version.swift in Sources */,
				B71260211FD92BDB0090A981 /* StartViewController.swift in Sources */,
				B712605B1FE2760B0090A981 /* VersionService.swift in Sources */,
				B712603C1FE0D4C60090A981 /* GoogleADCell.swift in Sources */,
			);
			runOnlyForDeploymentPostprocessing = 0;
		};
		B7BE67431FD8066200126506 /* Sources */ = {
			isa = PBXSourcesBuildPhase;
			buildActionMask = 2147483647;
			files = (
				B7BE674C1FD8066200126506 /* SecondSampleTests.swift in Sources */,
			);
			runOnlyForDeploymentPostprocessing = 0;
		};
		B7BE674E1FD8066200126506 /* Sources */ = {
			isa = PBXSourcesBuildPhase;
			buildActionMask = 2147483647;
			files = (
				B7BE67571FD8066200126506 /* SecondSampleUITests.swift in Sources */,
			);
			runOnlyForDeploymentPostprocessing = 0;
		};
/* End PBXSourcesBuildPhase section */

/* Begin PBXTargetDependency section */
		B7BE67491FD8066200126506 /* PBXTargetDependency */ = {
			isa = PBXTargetDependency;
			target = B7BE67321FD8066200126506 /* SecondSample */;
			targetProxy = B7BE67481FD8066200126506 /* PBXContainerItemProxy */;
		};
		B7BE67541FD8066200126506 /* PBXTargetDependency */ = {
			isa = PBXTargetDependency;
			target = B7BE67321FD8066200126506 /* SecondSample */;
			targetProxy = B7BE67531FD8066200126506 /* PBXContainerItemProxy */;
		};
/* End PBXTargetDependency section */

/* Begin PBXVariantGroup section */
		B7BE673A1FD8066200126506 /* Main.storyboard */ = {
			isa = PBXVariantGroup;
			children = (
				B7BE673B1FD8066200126506 /* Base */,
			);
			name = Main.storyboard;
			sourceTree = "<group>";
		};
		B7BE673F1FD8066200126506 /* LaunchScreen.storyboard */ = {
			isa = PBXVariantGroup;
			children = (
				B7BE67401FD8066200126506 /* Base */,
			);
			name = LaunchScreen.storyboard;
			sourceTree = "<group>";
		};
/* End PBXVariantGroup section */

/* Begin XCBuildConfiguration section */
		B7BE67591FD8066200126506 /* Debug */ = {
			isa = XCBuildConfiguration;
			buildSettings = {
				ALWAYS_SEARCH_USER_PATHS = NO;
				CLANG_ANALYZER_NONNULL = YES;
				CLANG_ANALYZER_NUMBER_OBJECT_CONVERSION = YES_AGGRESSIVE;
				CLANG_CXX_LANGUAGE_STANDARD = "gnu++14";
				CLANG_CXX_LIBRARY = "libc++";
				CLANG_ENABLE_MODULES = YES;
				CLANG_ENABLE_OBJC_ARC = YES;
				CLANG_WARN_BLOCK_CAPTURE_AUTORELEASING = YES;
				CLANG_WARN_BOOL_CONVERSION = YES;
				CLANG_WARN_COMMA = YES;
				CLANG_WARN_CONSTANT_CONVERSION = YES;
				CLANG_WARN_DIRECT_OBJC_ISA_USAGE = YES_ERROR;
				CLANG_WARN_DOCUMENTATION_COMMENTS = YES;
				CLANG_WARN_EMPTY_BODY = YES;
				CLANG_WARN_ENUM_CONVERSION = YES;
				CLANG_WARN_INFINITE_RECURSION = YES;
				CLANG_WARN_INT_CONVERSION = YES;
				CLANG_WARN_NON_LITERAL_NULL_CONVERSION = YES;
				CLANG_WARN_OBJC_LITERAL_CONVERSION = YES;
				CLANG_WARN_OBJC_ROOT_CLASS = YES_ERROR;
				CLANG_WARN_RANGE_LOOP_ANALYSIS = YES;
				CLANG_WARN_STRICT_PROTOTYPES = YES;
				CLANG_WARN_SUSPICIOUS_MOVE = YES;
				CLANG_WARN_UNGUARDED_AVAILABILITY = YES_AGGRESSIVE;
				CLANG_WARN_UNREACHABLE_CODE = YES;
				CLANG_WARN__DUPLICATE_METHOD_MATCH = YES;
				CODE_SIGN_IDENTITY = "iPhone Developer";
				COPY_PHASE_STRIP = NO;
				DEBUG_INFORMATION_FORMAT = dwarf;
				ENABLE_STRICT_OBJC_MSGSEND = YES;
				ENABLE_TESTABILITY = YES;
				GCC_C_LANGUAGE_STANDARD = gnu11;
				GCC_DYNAMIC_NO_PIC = NO;
				GCC_NO_COMMON_BLOCKS = YES;
				GCC_OPTIMIZATION_LEVEL = 0;
				GCC_PREPROCESSOR_DEFINITIONS = (
					"DEBUG=1",
					"$(inherited)",
				);
				GCC_WARN_64_TO_32_BIT_CONVERSION = YES;
				GCC_WARN_ABOUT_RETURN_TYPE = YES_ERROR;
				GCC_WARN_UNDECLARED_SELECTOR = YES;
				GCC_WARN_UNINITIALIZED_AUTOS = YES_AGGRESSIVE;
				GCC_WARN_UNUSED_FUNCTION = YES;
				GCC_WARN_UNUSED_VARIABLE = YES;
				IPHONEOS_DEPLOYMENT_TARGET = 11.1;
				MTL_ENABLE_DEBUG_INFO = YES;
				ONLY_ACTIVE_ARCH = YES;
				SDKROOT = iphoneos;
				SWIFT_ACTIVE_COMPILATION_CONDITIONS = DEBUG;
				SWIFT_OPTIMIZATION_LEVEL = "-Onone";
			};
			name = Debug;
		};
		B7BE675A1FD8066200126506 /* Release */ = {
			isa = XCBuildConfiguration;
			buildSettings = {
				ALWAYS_SEARCH_USER_PATHS = NO;
				CLANG_ANALYZER_NONNULL = YES;
				CLANG_ANALYZER_NUMBER_OBJECT_CONVERSION = YES_AGGRESSIVE;
				CLANG_CXX_LANGUAGE_STANDARD = "gnu++14";
				CLANG_CXX_LIBRARY = "libc++";
				CLANG_ENABLE_MODULES = YES;
				CLANG_ENABLE_OBJC_ARC = YES;
				CLANG_WARN_BLOCK_CAPTURE_AUTORELEASING = YES;
				CLANG_WARN_BOOL_CONVERSION = YES;
				CLANG_WARN_COMMA = YES;
				CLANG_WARN_CONSTANT_CONVERSION = YES;
				CLANG_WARN_DIRECT_OBJC_ISA_USAGE = YES_ERROR;
				CLANG_WARN_DOCUMENTATION_COMMENTS = YES;
				CLANG_WARN_EMPTY_BODY = YES;
				CLANG_WARN_ENUM_CONVERSION = YES;
				CLANG_WARN_INFINITE_RECURSION = YES;
				CLANG_WARN_INT_CONVERSION = YES;
				CLANG_WARN_NON_LITERAL_NULL_CONVERSION = YES;
				CLANG_WARN_OBJC_LITERAL_CONVERSION = YES;
				CLANG_WARN_OBJC_ROOT_CLASS = YES_ERROR;
				CLANG_WARN_RANGE_LOOP_ANALYSIS = YES;
				CLANG_WARN_STRICT_PROTOTYPES = YES;
				CLANG_WARN_SUSPICIOUS_MOVE = YES;
				CLANG_WARN_UNGUARDED_AVAILABILITY = YES_AGGRESSIVE;
				CLANG_WARN_UNREACHABLE_CODE = YES;
				CLANG_WARN__DUPLICATE_METHOD_MATCH = YES;
				CODE_SIGN_IDENTITY = "iPhone Developer";
				COPY_PHASE_STRIP = NO;
				DEBUG_INFORMATION_FORMAT = "dwarf-with-dsym";
				ENABLE_NS_ASSERTIONS = NO;
				ENABLE_STRICT_OBJC_MSGSEND = YES;
				GCC_C_LANGUAGE_STANDARD = gnu11;
				GCC_NO_COMMON_BLOCKS = YES;
				GCC_WARN_64_TO_32_BIT_CONVERSION = YES;
				GCC_WARN_ABOUT_RETURN_TYPE = YES_ERROR;
				GCC_WARN_UNDECLARED_SELECTOR = YES;
				GCC_WARN_UNINITIALIZED_AUTOS = YES_AGGRESSIVE;
				GCC_WARN_UNUSED_FUNCTION = YES;
				GCC_WARN_UNUSED_VARIABLE = YES;
				IPHONEOS_DEPLOYMENT_TARGET = 11.1;
				MTL_ENABLE_DEBUG_INFO = NO;
				SDKROOT = iphoneos;
				SWIFT_OPTIMIZATION_LEVEL = "-Owholemodule";
				VALIDATE_PRODUCT = YES;
			};
			name = Release;
		};
		B7BE675C1FD8066200126506 /* Debug */ = {
			isa = XCBuildConfiguration;
			baseConfigurationReference = CFCACD3A1562A784543A4C9B /* Pods-SecondSample.debug.xcconfig */;
			buildSettings = {
				ASSETCATALOG_COMPILER_APPICON_NAME = AppIcon;
				CODE_SIGN_STYLE = Automatic;
				DEVELOPMENT_TEAM = RS92S7F44T;
				INFOPLIST_FILE = SecondSample/Info.plist;
				LD_RUNPATH_SEARCH_PATHS = "$(inherited) @executable_path/Frameworks";
				PRODUCT_BUNDLE_IDENTIFIER = jobplanet.SecondSample;
				PRODUCT_NAME = "$(TARGET_NAME)";
				SWIFT_VERSION = 4.0;
				TARGETED_DEVICE_FAMILY = "1,2";
			};
			name = Debug;
		};
		B7BE675D1FD8066200126506 /* Release */ = {
			isa = XCBuildConfiguration;
			baseConfigurationReference = 750F777D0E4C704B17EB49BE /* Pods-SecondSample.release.xcconfig */;
			buildSettings = {
				ASSETCATALOG_COMPILER_APPICON_NAME = AppIcon;
				CODE_SIGN_STYLE = Automatic;
				DEVELOPMENT_TEAM = RS92S7F44T;
				INFOPLIST_FILE = SecondSample/Info.plist;
				LD_RUNPATH_SEARCH_PATHS = "$(inherited) @executable_path/Frameworks";
				PRODUCT_BUNDLE_IDENTIFIER = jobplanet.SecondSample;
				PRODUCT_NAME = "$(TARGET_NAME)";
				SWIFT_VERSION = 4.0;
				TARGETED_DEVICE_FAMILY = "1,2";
			};
			name = Release;
		};
		B7BE675F1FD8066200126506 /* Debug */ = {
			isa = XCBuildConfiguration;
			baseConfigurationReference = D306070D21FA6B35DEF2EEB2 /* Pods-SecondSampleTests.debug.xcconfig */;
			buildSettings = {
				ALWAYS_EMBED_SWIFT_STANDARD_LIBRARIES = YES;
				BUNDLE_LOADER = "$(TEST_HOST)";
				CODE_SIGN_STYLE = Automatic;
				DEVELOPMENT_TEAM = RS92S7F44T;
				INFOPLIST_FILE = SecondSampleTests/Info.plist;
				LD_RUNPATH_SEARCH_PATHS = "$(inherited) @executable_path/Frameworks @loader_path/Frameworks";
				PRODUCT_BUNDLE_IDENTIFIER = jobplanet.SecondSampleTests;
				PRODUCT_NAME = "$(TARGET_NAME)";
				SWIFT_VERSION = 4.0;
				TARGETED_DEVICE_FAMILY = "1,2";
				TEST_HOST = "$(BUILT_PRODUCTS_DIR)/SecondSample.app/SecondSample";
			};
			name = Debug;
		};
		B7BE67601FD8066200126506 /* Release */ = {
			isa = XCBuildConfiguration;
			baseConfigurationReference = D25D36F18E98424516266DCC /* Pods-SecondSampleTests.release.xcconfig */;
			buildSettings = {
				ALWAYS_EMBED_SWIFT_STANDARD_LIBRARIES = YES;
				BUNDLE_LOADER = "$(TEST_HOST)";
				CODE_SIGN_STYLE = Automatic;
				DEVELOPMENT_TEAM = RS92S7F44T;
				INFOPLIST_FILE = SecondSampleTests/Info.plist;
				LD_RUNPATH_SEARCH_PATHS = "$(inherited) @executable_path/Frameworks @loader_path/Frameworks";
				PRODUCT_BUNDLE_IDENTIFIER = jobplanet.SecondSampleTests;
				PRODUCT_NAME = "$(TARGET_NAME)";
				SWIFT_VERSION = 4.0;
				TARGETED_DEVICE_FAMILY = "1,2";
				TEST_HOST = "$(BUILT_PRODUCTS_DIR)/SecondSample.app/SecondSample";
			};
			name = Release;
		};
		B7BE67621FD8066200126506 /* Debug */ = {
			isa = XCBuildConfiguration;
			baseConfigurationReference = 22694BE13776B19B5342124D /* Pods-SecondSampleUITests.debug.xcconfig */;
			buildSettings = {
				ALWAYS_EMBED_SWIFT_STANDARD_LIBRARIES = YES;
				CODE_SIGN_STYLE = Automatic;
				DEVELOPMENT_TEAM = RS92S7F44T;
				INFOPLIST_FILE = SecondSampleUITests/Info.plist;
				LD_RUNPATH_SEARCH_PATHS = "$(inherited) @executable_path/Frameworks @loader_path/Frameworks";
				PRODUCT_BUNDLE_IDENTIFIER = jobplanet.SecondSampleUITests;
				PRODUCT_NAME = "$(TARGET_NAME)";
				SWIFT_VERSION = 4.0;
				TARGETED_DEVICE_FAMILY = "1,2";
				TEST_TARGET_NAME = SecondSample;
			};
			name = Debug;
		};
		B7BE67631FD8066200126506 /* Release */ = {
			isa = XCBuildConfiguration;
			baseConfigurationReference = BBEE8B949C01F2694989B630 /* Pods-SecondSampleUITests.release.xcconfig */;
			buildSettings = {
				ALWAYS_EMBED_SWIFT_STANDARD_LIBRARIES = YES;
				CODE_SIGN_STYLE = Automatic;
				DEVELOPMENT_TEAM = RS92S7F44T;
				INFOPLIST_FILE = SecondSampleUITests/Info.plist;
				LD_RUNPATH_SEARCH_PATHS = "$(inherited) @executable_path/Frameworks @loader_path/Frameworks";
				PRODUCT_BUNDLE_IDENTIFIER = jobplanet.SecondSampleUITests;
				PRODUCT_NAME = "$(TARGET_NAME)";
				SWIFT_VERSION = 4.0;
				TARGETED_DEVICE_FAMILY = "1,2";
				TEST_TARGET_NAME = SecondSample;
			};
			name = Release;
		};
/* End XCBuildConfiguration section */

/* Begin XCConfigurationList section */
		B7BE672E1FD8066200126506 /* Build configuration list for PBXProject "SecondSample" */ = {
			isa = XCConfigurationList;
			buildConfigurations = (
				B7BE67591FD8066200126506 /* Debug */,
				B7BE675A1FD8066200126506 /* Release */,
			);
			defaultConfigurationIsVisible = 0;
			defaultConfigurationName = Release;
		};
		B7BE675B1FD8066200126506 /* Build configuration list for PBXNativeTarget "SecondSample" */ = {
			isa = XCConfigurationList;
			buildConfigurations = (
				B7BE675C1FD8066200126506 /* Debug */,
				B7BE675D1FD8066200126506 /* Release */,
			);
			defaultConfigurationIsVisible = 0;
			defaultConfigurationName = Release;
		};
		B7BE675E1FD8066200126506 /* Build configuration list for PBXNativeTarget "SecondSampleTests" */ = {
			isa = XCConfigurationList;
			buildConfigurations = (
				B7BE675F1FD8066200126506 /* Debug */,
				B7BE67601FD8066200126506 /* Release */,
			);
			defaultConfigurationIsVisible = 0;
			defaultConfigurationName = Release;
		};
		B7BE67611FD8066200126506 /* Build configuration list for PBXNativeTarget "SecondSampleUITests" */ = {
			isa = XCConfigurationList;
			buildConfigurations = (
				B7BE67621FD8066200126506 /* Debug */,
				B7BE67631FD8066200126506 /* Release */,
			);
			defaultConfigurationIsVisible = 0;
			defaultConfigurationName = Release;
		};
/* End XCConfigurationList section */
	};
	rootObject = B7BE672B1FD8066200126506 /* Project object */;
}
